
Microsoft Visual Studio Solution File, Format Version 12.00
# Visual Studio 15
VisualStudioVersion = 15.0.28307.902
MinimumVisualStudioVersion = 10.0.40219.1
Project("{FAE04EC0-301F-11D3-BF4B-00C04F79EFBC}") = "AdbTst", "AdbTst.csproj", "{23E52C0B-787E-4426-8BB2-D56D8B108661}"
EndProject
Project("{FAE04EC0-301F-11D3-BF4B-00C04F79EFBC}") = "ARemote", "ARemote\ARemote.csproj", "{8A7544F4-EEDC-43D8-B16C-B2F3B57888A4}"
EndProject
Global
	GlobalSection(SolutionConfigurationPlatforms) = preSolution
		Debug|Any CPU = Debug|Any CPU
		Release|Any CPU = Release|Any CPU
	EndGlobalSection
	GlobalSection(ProjectConfigurationPlatforms) = postSolution
		{23E52C0B-787E-4426-8BB2-D56D8B108661}.Debug|Any CPU.ActiveCfg = Debug|Any CPU
		{23E52C0B-787E-4426-8BB2-D56D8B108661}.Debug|Any CPU.Build.0 = Debug|Any CPU
		{23E52C0B-787E-4426-8BB2-D56D8B108661}.Release|Any CPU.ActiveCfg = Release|Any CPU
		{23E52C0B-787E-4426-8BB2-D56D8B108661}.Release|Any CPU.Build.0 = Release|Any CPU
		{8A7544F4-EEDC-43D8-B16C-B2F3B57888A4}.Debug|Any CPU.ActiveCfg = Debug|Any CPU
		{8A7544F4-EEDC-43D8-B16C-B2F3B57888A4}.Debug|Any CPU.Build.0 = Debug|Any CPU
		{8A7544F4-EEDC-43D8-B16C-B2F3B57888A4}.Release|Any CPU.ActiveCfg = Release|Any CPU
		{8A7544F4-EEDC-43D8-B16C-B2F3B57888A4}.Release|Any CPU.Build.0 = Release|Any CPU
	EndGlobalSection
	GlobalSection(SolutionProperties) = preSolution
		HideSolutionNode = FALSE
	EndGlobalSection
	GlobalSection(ExtensibilityGlobals) = postSolution
		SolutionGuid = {1EA4633E-D7FD-4469-9A4A-4C1F5C947865}
	EndGlobalSection
EndGlobal
